
Microsoft Visual Studio Solution File, Format Version 12.00
# Visual Studio Version 17
VisualStudioVersion = 17.10.35013.160
MinimumVisualStudioVersion = 10.0.40219.1
Project("{FAE04EC0-301F-11D3-BF4B-00C04F79EFBC}") = "oob1", "oob1\oob1.csproj", "{7BBFABB9-6A16-429F-9A8A-244A7EE23773}"
EndProject
Global
	GlobalSection(SolutionConfigurationPlatforms) = preSolution
		Debug|Any CPU = Debug|Any CPU
		Release|Any CPU = Release|Any CPU
	EndGlobalSection
	GlobalSection(ProjectConfigurationPlatforms) = postSolution
		{7BBFABB9-6A16-429F-9A8A-244A7EE23773}.Debug|Any CPU.ActiveCfg = Debug|Any CPU
		{7BBFABB9-6A16-429F-9A8A-244A7EE23773}.Debug|Any CPU.Build.0 = Debug|Any CPU
		{7BBFABB9-6A16-429F-9A8A-244A7EE23773}.Release|Any CPU.ActiveCfg = Release|Any CPU
		{7BBFABB9-6A16-429F-9A8A-244A7EE23773}.Release|Any CPU.Build.0 = Release|Any CPU
	EndGlobalSection
	GlobalSection(SolutionProperties) = preSolution
		HideSolutionNode = FALSE
	EndGlobalSection
	GlobalSection(ExtensibilityGlobals) = postSolution
		SolutionGuid = {DE57DE49-0113-43B7-8B11-D6560A517BB3}
	EndGlobalSection
EndGlobal
